
Microsoft Visual Studio Solution File, Format Version 12.00
# Visual Studio Version 17
VisualStudioVersion = 17.9.34616.47
MinimumVisualStudioVersion = 10.0.40219.1
Project("{9A19103F-16F7-4668-BE54-9A1E7A4F7556}") = "TedarikcimApi", "TedarikcimApi\TedarikcimApi.csproj", "{22C850F9-6983-46FC-B4FB-311BDC243CD5}"
EndProject
Project("{FAE04EC0-301F-11D3-BF4B-00C04F79EFBC}") = "TedarikcimUser", "TedarikcimUser\TedarikcimUser.csproj", "{0AEC648A-7FFA-44D7-9B84-D18A79A0335C}"
EndProject
Global
	GlobalSection(SolutionConfigurationPlatforms) = preSolution
		Debug|Any CPU = Debug|Any CPU
		Release|Any CPU = Release|Any CPU
	EndGlobalSection
	GlobalSection(ProjectConfigurationPlatforms) = postSolution
		{22C850F9-6983-46FC-B4FB-311BDC243CD5}.Debug|Any CPU.ActiveCfg = Debug|Any CPU
		{22C850F9-6983-46FC-B4FB-311BDC243CD5}.Debug|Any CPU.Build.0 = Debug|Any CPU
		{22C850F9-6983-46FC-B4FB-311BDC243CD5}.Release|Any CPU.ActiveCfg = Release|Any CPU
		{22C850F9-6983-46FC-B4FB-311BDC243CD5}.Release|Any CPU.Build.0 = Release|Any CPU
		{0AEC648A-7FFA-44D7-9B84-D18A79A0335C}.Debug|Any CPU.ActiveCfg = Debug|Any CPU
		{0AEC648A-7FFA-44D7-9B84-D18A79A0335C}.Debug|Any CPU.Build.0 = Debug|Any CPU
		{0AEC648A-7FFA-44D7-9B84-D18A79A0335C}.Release|Any CPU.ActiveCfg = Release|Any CPU
		{0AEC648A-7FFA-44D7-9B84-D18A79A0335C}.Release|Any CPU.Build.0 = Release|Any CPU
	EndGlobalSection
	GlobalSection(SolutionProperties) = preSolution
		HideSolutionNode = FALSE
	EndGlobalSection
	GlobalSection(ExtensibilityGlobals) = postSolution
		SolutionGuid = {BA73B265-2CB9-451B-B3D1-9E4427160D11}
	EndGlobalSection
EndGlobal
